
Microsoft Visual Studio Solution File, Format Version 12.00
# Visual Studio Version 17
VisualStudioVersion = 17.2.32526.322
MinimumVisualStudioVersion = 10.0.40219.1
Project("{FAE04EC0-301F-11D3-BF4B-00C04F79EFBC}") = "EvDP_05LabExer2_11242022", "EvDP_05LabExer2_11242022.csproj", "{BF2F0F0E-BFBF-46E1-8687-1877E532BAB8}"
EndProject
Global
	GlobalSection(SolutionConfigurationPlatforms) = preSolution
		Debug|Any CPU = Debug|Any CPU
		Release|Any CPU = Release|Any CPU
	EndGlobalSection
	GlobalSection(ProjectConfigurationPlatforms) = postSolution
		{BF2F0F0E-BFBF-46E1-8687-1877E532BAB8}.Debug|Any CPU.ActiveCfg = Debug|Any CPU
		{BF2F0F0E-BFBF-46E1-8687-1877E532BAB8}.Debug|Any CPU.Build.0 = Debug|Any CPU
		{BF2F0F0E-BFBF-46E1-8687-1877E532BAB8}.Release|Any CPU.ActiveCfg = Release|Any CPU
		{BF2F0F0E-BFBF-46E1-8687-1877E532BAB8}.Release|Any CPU.Build.0 = Release|Any CPU
	EndGlobalSection
	GlobalSection(SolutionProperties) = preSolution
		HideSolutionNode = FALSE
	EndGlobalSection
	GlobalSection(ExtensibilityGlobals) = postSolution
		SolutionGuid = {46861452-AECD-421A-A685-A5FF6AD09C88}
	EndGlobalSection
EndGlobal
